
Microsoft Visual Studio Solution File, Format Version 12.00
# Visual Studio Version 16
VisualStudioVersion = 16.0.29306.81
MinimumVisualStudioVersion = 10.0.40219.1
Project("{FAE04EC0-301F-11D3-BF4B-00C04F79EFBC}") = "This", "This.csproj", "{4DC8F17D-86F9-428E-BE39-F106AD0304C9}"
EndProject
Global
	GlobalSection(SolutionConfigurationPlatforms) = preSolution
		Debug|Any CPU = Debug|Any CPU
		Release|Any CPU = Release|Any CPU
	EndGlobalSection
	GlobalSection(ProjectConfigurationPlatforms) = postSolution
		{4DC8F17D-86F9-428E-BE39-F106AD0304C9}.Debug|Any CPU.ActiveCfg = Debug|Any CPU
		{4DC8F17D-86F9-428E-BE39-F106AD0304C9}.Debug|Any CPU.Build.0 = Debug|Any CPU
		{4DC8F17D-86F9-428E-BE39-F106AD0304C9}.Release|Any CPU.ActiveCfg = Release|Any CPU
		{4DC8F17D-86F9-428E-BE39-F106AD0304C9}.Release|Any CPU.Build.0 = Release|Any CPU
	EndGlobalSection
	GlobalSection(SolutionProperties) = preSolution
		HideSolutionNode = FALSE
	EndGlobalSection
	GlobalSection(ExtensibilityGlobals) = postSolution
		SolutionGuid = {49E6864F-B62F-48BD-A478-0C5F8EFA3E22}
	EndGlobalSection
EndGlobal
